
Microsoft Visual Studio Solution File, Format Version 12.00
# Visual Studio Version 16
VisualStudioVersion = 16.0.32228.343
MinimumVisualStudioVersion = 10.0.40219.1
Project("{9A19103F-16F7-4668-BE54-9A1E7A4F7556}") = "Manager", "Manager\Manager.csproj", "{41A0D978-1991-43D2-9A9D-5BD846C176F7}"
EndProject
Project("{9A19103F-16F7-4668-BE54-9A1E7A4F7556}") = "Validation", "Validation\Validation.csproj", "{3FB490E9-BBB4-4E1A-84E0-186DEF8C1B5F}"
EndProject
Project("{9A19103F-16F7-4668-BE54-9A1E7A4F7556}") = "CLI", "CLI\CLI.csproj", "{27B4C94E-8BF4-4458-B198-3DB24C729E03}"
EndProject
Project("{9A19103F-16F7-4668-BE54-9A1E7A4F7556}") = "Dominio", "Dominio\Dominio.csproj", "{3A1BC3D2-4F90-48C9-8AB2-388B772EE862}"
EndProject
Project("{FAE04EC0-301F-11D3-BF4B-00C04F79EFBC}") = "Testing", "Testing\Testing.csproj", "{F226F685-8616-49BC-ABAB-18227346A97C}"
EndProject
Global
	GlobalSection(SolutionConfigurationPlatforms) = preSolution
		Debug|Any CPU = Debug|Any CPU
		Release|Any CPU = Release|Any CPU
	EndGlobalSection
	GlobalSection(ProjectConfigurationPlatforms) = postSolution
		{41A0D978-1991-43D2-9A9D-5BD846C176F7}.Debug|Any CPU.ActiveCfg = Debug|Any CPU
		{41A0D978-1991-43D2-9A9D-5BD846C176F7}.Debug|Any CPU.Build.0 = Debug|Any CPU
		{41A0D978-1991-43D2-9A9D-5BD846C176F7}.Release|Any CPU.ActiveCfg = Release|Any CPU
		{41A0D978-1991-43D2-9A9D-5BD846C176F7}.Release|Any CPU.Build.0 = Release|Any CPU
		{3FB490E9-BBB4-4E1A-84E0-186DEF8C1B5F}.Debug|Any CPU.ActiveCfg = Debug|Any CPU
		{3FB490E9-BBB4-4E1A-84E0-186DEF8C1B5F}.Debug|Any CPU.Build.0 = Debug|Any CPU
		{3FB490E9-BBB4-4E1A-84E0-186DEF8C1B5F}.Release|Any CPU.ActiveCfg = Release|Any CPU
		{3FB490E9-BBB4-4E1A-84E0-186DEF8C1B5F}.Release|Any CPU.Build.0 = Release|Any CPU
		{27B4C94E-8BF4-4458-B198-3DB24C729E03}.Debug|Any CPU.ActiveCfg = Debug|Any CPU
		{27B4C94E-8BF4-4458-B198-3DB24C729E03}.Debug|Any CPU.Build.0 = Debug|Any CPU
		{27B4C94E-8BF4-4458-B198-3DB24C729E03}.Release|Any CPU.ActiveCfg = Release|Any CPU
		{27B4C94E-8BF4-4458-B198-3DB24C729E03}.Release|Any CPU.Build.0 = Release|Any CPU
		{3A1BC3D2-4F90-48C9-8AB2-388B772EE862}.Debug|Any CPU.ActiveCfg = Debug|Any CPU
		{3A1BC3D2-4F90-48C9-8AB2-388B772EE862}.Debug|Any CPU.Build.0 = Debug|Any CPU
		{3A1BC3D2-4F90-48C9-8AB2-388B772EE862}.Release|Any CPU.ActiveCfg = Release|Any CPU
		{3A1BC3D2-4F90-48C9-8AB2-388B772EE862}.Release|Any CPU.Build.0 = Release|Any CPU
		{F226F685-8616-49BC-ABAB-18227346A97C}.Debug|Any CPU.ActiveCfg = Debug|Any CPU
		{F226F685-8616-49BC-ABAB-18227346A97C}.Debug|Any CPU.Build.0 = Debug|Any CPU
		{F226F685-8616-49BC-ABAB-18227346A97C}.Release|Any CPU.ActiveCfg = Release|Any CPU
		{F226F685-8616-49BC-ABAB-18227346A97C}.Release|Any CPU.Build.0 = Release|Any CPU
	EndGlobalSection
	GlobalSection(SolutionProperties) = preSolution
		HideSolutionNode = FALSE
	EndGlobalSection
	GlobalSection(ExtensibilityGlobals) = postSolution
		SolutionGuid = {338CB404-A293-467F-970E-99EF148A63EE}
	EndGlobalSection
EndGlobal
